<Solution>
  <Folder Name="/Exercises/">
    <Project Path="EmployeesExercise/EmployeesExercise.csproj" Id="0f9c475f-4b3e-4ad5-a2a2-ef98e5da3611" />
    <Project Path="Exercises/AdvancedClassesExercise/BankAccountExercise.csproj" Id="706f7b5c-9cb9-48cd-8e08-3cab4b79bc22" />
    <Project Path="Exercises/highNumberProject/HighNumExercise.csproj" />
    <Project Path="Exercises/RoomReservation/RoomReservation.csproj" Id="f7d1d989-c2a4-4198-9ea3-5f7993b365f7" />
    <Project Path="StockControl/StockControl.csproj" Id="206a3cbf-76d7-40d7-954d-d01203d207ad" />
  </Folder>
  <Project Path="AdvancedClasses/AdvancedClasses.csproj" />
  <Project Path="Classes/Classes.csproj" />
  <Project Path="ExpressionConditionals/ExpressionConditionals.csproj" Id="9dc0d74e-55cd-438a-947f-7a0839fb2cab" />
  <Project Path="Lists/Lists.csproj" Id="95e21ef4-f5ea-4f6b-b4b4-946e5f4fd23f" />
  <Project Path="MemoryBehavior/MemoryBehavior.csproj" Id="af5d5645-4814-46a2-9b5c-d1b4c7ecf734" />
  <Project Path="ParamsModifier/ParamsModifier.csproj" Id="fb40775f-ad4d-494e-b806-d10f118e52e1" />
  <Project Path="Vectors/Vectors.csproj" Id="4909d0f4-2e12-477e-8d04-48590daceb91" />
</Solution>
